
Microsoft Visual Studio Solution File, Format Version 12.00
# Visual Studio Version 16
VisualStudioVersion = 16.0.30002.166
MinimumVisualStudioVersion = 10.0.40219.1
Project("{FAE04EC0-301F-11D3-BF4B-00C04F79EFBC}") = "DietCoachingApp", "DietCoachingApp\DietCoachingApp.csproj", "{113998F6-8FAF-459F-A423-00AF1877D131}"
EndProject
Global
	GlobalSection(SolutionConfigurationPlatforms) = preSolution
		Debug|Any CPU = Debug|Any CPU
		Release|Any CPU = Release|Any CPU
	EndGlobalSection
	GlobalSection(ProjectConfigurationPlatforms) = postSolution
		{113998F6-8FAF-459F-A423-00AF1877D131}.Debug|Any CPU.ActiveCfg = Debug|Any CPU
		{113998F6-8FAF-459F-A423-00AF1877D131}.Debug|Any CPU.Build.0 = Debug|Any CPU
		{113998F6-8FAF-459F-A423-00AF1877D131}.Release|Any CPU.ActiveCfg = Release|Any CPU
		{113998F6-8FAF-459F-A423-00AF1877D131}.Release|Any CPU.Build.0 = Release|Any CPU
	EndGlobalSection
	GlobalSection(SolutionProperties) = preSolution
		HideSolutionNode = FALSE
	EndGlobalSection
	GlobalSection(ExtensibilityGlobals) = postSolution
		SolutionGuid = {77F73D2C-6776-4A40-A671-2F47E68F4E51}
	EndGlobalSection
EndGlobal
